
Microsoft Visual Studio Solution File, Format Version 12.00
# Visual Studio Version 17
VisualStudioVersion = 17.14.36127.28 d17.14
MinimumVisualStudioVersion = 10.0.40219.1
Project("{FAE04EC0-301F-11D3-BF4B-00C04F79EFBC}") = "HE180210_ThaiDuyPhong_Assignment2", "HE180210_ThaiDuyPhong_Assignment2.csproj", "{49E8A1A0-9F43-4687-8A31-1D9B3B8D52A6}"
EndProject
Global
	GlobalSection(SolutionConfigurationPlatforms) = preSolution
		Debug|Any CPU = Debug|Any CPU
		Release|Any CPU = Release|Any CPU
	EndGlobalSection
	GlobalSection(ProjectConfigurationPlatforms) = postSolution
		{49E8A1A0-9F43-4687-8A31-1D9B3B8D52A6}.Debug|Any CPU.ActiveCfg = Debug|Any CPU
		{49E8A1A0-9F43-4687-8A31-1D9B3B8D52A6}.Debug|Any CPU.Build.0 = Debug|Any CPU
		{49E8A1A0-9F43-4687-8A31-1D9B3B8D52A6}.Release|Any CPU.ActiveCfg = Release|Any CPU
		{49E8A1A0-9F43-4687-8A31-1D9B3B8D52A6}.Release|Any CPU.Build.0 = Release|Any CPU
	EndGlobalSection
	GlobalSection(SolutionProperties) = preSolution
		HideSolutionNode = FALSE
	EndGlobalSection
	GlobalSection(ExtensibilityGlobals) = postSolution
		SolutionGuid = {DE5689FA-ABDF-402A-9A87-F894B0AF1D3D}
	EndGlobalSection
EndGlobal
